
Microsoft Visual Studio Solution File, Format Version 12.00
# Visual Studio Version 17
VisualStudioVersion = 17.0.31903.59
MinimumVisualStudioVersion = 10.0.40219.1
Project("{FAE04EC0-301F-11D3-BF4B-00C04F79EFBC}") = "SymphonySolutions.UI", "src\SymphonySolutions.UI\SymphonySolutions.UI.csproj", "{0F83B297-CFA4-4FDC-B1C2-095D354E0CF0}"
	ProjectSection(ProjectDependencies) = postProject
		{6E3C463B-6182-496E-B0D4-DA84B28F5243} = {6E3C463B-6182-496E-B0D4-DA84B28F5243}
	EndProjectSection
EndProject
Project("{FAE04EC0-301F-11D3-BF4B-00C04F79EFBC}") = "SymphonySolutions.UITests", "tests\SymphonySolutions.UITests\SymphonySolutions.UITests.csproj", "{98D9D0F7-E4A1-4BCE-89F0-374196C09D90}"
	ProjectSection(ProjectDependencies) = postProject
		{0F83B297-CFA4-4FDC-B1C2-095D354E0CF0} = {0F83B297-CFA4-4FDC-B1C2-095D354E0CF0}
		{6E3C463B-6182-496E-B0D4-DA84B28F5243} = {6E3C463B-6182-496E-B0D4-DA84B28F5243}
	EndProjectSection
EndProject
Project("{FAE04EC0-301F-11D3-BF4B-00C04F79EFBC}") = "SymphonySolutions.Core", "src\SymphonySolutions.Core\SymphonySolutions.Core.csproj", "{6E3C463B-6182-496E-B0D4-DA84B28F5243}"
EndProject
Global
	GlobalSection(SolutionConfigurationPlatforms) = preSolution
		Debug|Any CPU = Debug|Any CPU
		PROD|Any CPU = PROD|Any CPU
		Release|Any CPU = Release|Any CPU
	EndGlobalSection
	GlobalSection(ProjectConfigurationPlatforms) = postSolution
		{0F83B297-CFA4-4FDC-B1C2-095D354E0CF0}.Debug|Any CPU.ActiveCfg = Debug|Any CPU
		{0F83B297-CFA4-4FDC-B1C2-095D354E0CF0}.Debug|Any CPU.Build.0 = Debug|Any CPU
		{0F83B297-CFA4-4FDC-B1C2-095D354E0CF0}.PROD|Any CPU.ActiveCfg = PROD|Any CPU
		{0F83B297-CFA4-4FDC-B1C2-095D354E0CF0}.PROD|Any CPU.Build.0 = PROD|Any CPU
		{0F83B297-CFA4-4FDC-B1C2-095D354E0CF0}.Release|Any CPU.ActiveCfg = Release|Any CPU
		{0F83B297-CFA4-4FDC-B1C2-095D354E0CF0}.Release|Any CPU.Build.0 = Release|Any CPU
		{98D9D0F7-E4A1-4BCE-89F0-374196C09D90}.Debug|Any CPU.ActiveCfg = Debug|Any CPU
		{98D9D0F7-E4A1-4BCE-89F0-374196C09D90}.Debug|Any CPU.Build.0 = Debug|Any CPU
		{98D9D0F7-E4A1-4BCE-89F0-374196C09D90}.PROD|Any CPU.ActiveCfg = PROD|Any CPU
		{98D9D0F7-E4A1-4BCE-89F0-374196C09D90}.PROD|Any CPU.Build.0 = PROD|Any CPU
		{98D9D0F7-E4A1-4BCE-89F0-374196C09D90}.Release|Any CPU.ActiveCfg = Release|Any CPU
		{98D9D0F7-E4A1-4BCE-89F0-374196C09D90}.Release|Any CPU.Build.0 = Release|Any CPU
		{6E3C463B-6182-496E-B0D4-DA84B28F5243}.Debug|Any CPU.ActiveCfg = Debug|Any CPU
		{6E3C463B-6182-496E-B0D4-DA84B28F5243}.Debug|Any CPU.Build.0 = Debug|Any CPU
		{6E3C463B-6182-496E-B0D4-DA84B28F5243}.PROD|Any CPU.ActiveCfg = PROD|Any CPU
		{6E3C463B-6182-496E-B0D4-DA84B28F5243}.PROD|Any CPU.Build.0 = PROD|Any CPU
		{6E3C463B-6182-496E-B0D4-DA84B28F5243}.Release|Any CPU.ActiveCfg = Release|Any CPU
		{6E3C463B-6182-496E-B0D4-DA84B28F5243}.Release|Any CPU.Build.0 = Release|Any CPU
	EndGlobalSection
	GlobalSection(SolutionProperties) = preSolution
		HideSolutionNode = FALSE
	EndGlobalSection
EndGlobal
